Microsoft Visual Studio Solution File, Format Version 12.00
# Visual Studio Version 16
VisualStudioVersion = 16.0.28922.388
MinimumVisualStudioVersion = 10.0.40219.1
Project("{FAE04EC0-301F-11D3-BF4B-00C04F79EFBC}") = "oinkapp.Android", "oinkapp.Android\oinkapp.Android.csproj", "{5146D632-C30D-4620-9C51-3C028E8A6659}"
EndProject
Project("{FAE04EC0-301F-11D3-BF4B-00C04F79EFBC}") = "oinkapp.iOS", "oinkapp.iOS\oinkapp.iOS.csproj", "{0F63A0BC-6FB0-428E-9F53-35C0ABE2FAAE}"
EndProject
Project("{D954291E-2A0B-460D-934E-DC6B0785DB48}") = "oinkapp", "oinkapp\oinkapp.shproj", "{8B9AAF09-681D-4B7D-AD2A-596FDAD6F06F}"
EndProject
Global
	GlobalSection(SharedMSBuildProjectFiles) = preSolution
		oinkapp\oinkapp.projitems*{0f63a0bc-6fb0-428e-9f53-35c0abe2faae}*SharedItemsImports = 4
		oinkapp\oinkapp.projitems*{5146d632-c30d-4620-9c51-3c028e8a6659}*SharedItemsImports = 4
		oinkapp\oinkapp.projitems*{8b9aaf09-681d-4b7d-ad2a-596fdad6f06f}*SharedItemsImports = 13
	EndGlobalSection
	GlobalSection(SolutionConfigurationPlatforms) = preSolution
		Ad-Hoc|Any CPU = Ad-Hoc|Any CPU
		Ad-Hoc|iPhone = Ad-Hoc|iPhone
		Ad-Hoc|iPhoneSimulator = Ad-Hoc|iPhoneSimulator
		AppStore|Any CPU = AppStore|Any CPU
		AppStore|iPhone = AppStore|iPhone
		AppStore|iPhoneSimulator = AppStore|iPhoneSimulator
		Debug|Any CPU = Debug|Any CPU
		Debug|iPhone = Debug|iPhone
		Debug|iPhoneSimulator = Debug|iPhoneSimulator
		Release|Any CPU = Release|Any CPU
		Release|iPhone = Release|iPhone
		Release|iPhoneSimulator = Release|iPhoneSimulator
	EndGlobalSection
	GlobalSection(ProjectConfigurationPlatforms) = postSolution
		{5146D632-C30D-4620-9C51-3C028E8A6659}.Ad-Hoc|Any CPU.ActiveCfg = Release|Any CPU
		{5146D632-C30D-4620-9C51-3C028E8A6659}.Ad-Hoc|Any CPU.Build.0 = Release|Any CPU
		{5146D632-C30D-4620-9C51-3C028E8A6659}.Ad-Hoc|Any CPU.Deploy.0 = Release|Any CPU
		{5146D632-C30D-4620-9C51-3C028E8A6659}.Ad-Hoc|iPhone.ActiveCfg = Debug|Any CPU
		{5146D632-C30D-4620-9C51-3C028E8A6659}.Ad-Hoc|iPhone.Build.0 = Debug|Any CPU
		{5146D632-C30D-4620-9C51-3C028E8A6659}.Ad-Hoc|iPhoneSimulator.ActiveCfg = Release|Any CPU
		{5146D632-C30D-4620-9C51-3C028E8A6659}.Ad-Hoc|iPhoneSimulator.Build.0 = Release|Any CPU
		{5146D632-C30D-4620-9C51-3C028E8A6659}.Ad-Hoc|iPhoneSimulator.Deploy.0 = Release|Any CPU
		{5146D632-C30D-4620-9C51-3C028E8A6659}.AppStore|Any CPU.ActiveCfg = Release|Any CPU
		{5146D632-C30D-4620-9C51-3C028E8A6659}.AppStore|Any CPU.Build.0 = Release|Any CPU
		{5146D632-C30D-4620-9C51-3C028E8A6659}.AppStore|Any CPU.Deploy.0 = Release|Any CPU
		{5146D632-C30D-4620-9C51-3C028E8A6659}.AppStore|iPhone.ActiveCfg = Debug|Any CPU
		{5146D632-C30D-4620-9C51-3C028E8A6659}.AppStore|iPhone.Build.0 = Debug|Any CPU
		{5146D632-C30D-4620-9C51-3C028E8A6659}.AppStore|iPhoneSimulator.ActiveCfg = Release|Any CPU
		{5146D632-C30D-4620-9C51-3C028E8A6659}.AppStore|iPhoneSimulator.Build.0 = Release|Any CPU
		{5146D632-C30D-4620-9C51-3C028E8A6659}.AppStore|iPhoneSimulator.Deploy.0 = Release|Any CPU
		{5146D632-C30D-4620-9C51-3C028E8A6659}.Debug|Any CPU.ActiveCfg = Debug|Any CPU
		{5146D632-C30D-4620-9C51-3C028E8A6659}.Debug|Any CPU.Build.0 = Debug|Any CPU
		{5146D632-C30D-4620-9C51-3C028E8A6659}.Debug|iPhone.ActiveCfg = Debug|Any CPU
		{5146D632-C30D-4620-9C51-3C028E8A6659}.Debug|iPhone.Build.0 = Debug|Any CPU
		{5146D632-C30D-4620-9C51-3C028E8A6659}.Debug|iPhoneSimulator.ActiveCfg = Debug|Any CPU
		{5146D632-C30D-4620-9C51-3C028E8A6659}.Debug|iPhoneSimulator.Build.0 = Debug|Any CPU
		{5146D632-C30D-4620-9C51-3C028E8A6659}.Release|Any CPU.ActiveCfg = Release|Any CPU
		{5146D632-C30D-4620-9C51-3C028E8A6659}.Release|Any CPU.Build.0 = Release|Any CPU
		{5146D632-C30D-4620-9C51-3C028E8A6659}.Release|iPhone.ActiveCfg = Release|Any CPU
		{5146D632-C30D-4620-9C51-3C028E8A6659}.Release|iPhone.Build.0 = Release|Any CPU
		{5146D632-C30D-4620-9C51-3C028E8A6659}.Release|iPhoneSimulator.ActiveCfg = Release|Any CPU
		{5146D632-C30D-4620-9C51-3C028E8A6659}.Release|iPhoneSimulator.Build.0 = Release|Any CPU
		{0F63A0BC-6FB0-428E-9F53-35C0ABE2FAAE}.Ad-Hoc|Any CPU.ActiveCfg = Ad-Hoc|iPhoneSimulator
		{0F63A0BC-6FB0-428E-9F53-35C0ABE2FAAE}.Ad-Hoc|iPhone.ActiveCfg = Ad-Hoc|iPhone
		{0F63A0BC-6FB0-428E-9F53-35C0ABE2FAAE}.Ad-Hoc|iPhone.Build.0 = Ad-Hoc|iPhone
		{0F63A0BC-6FB0-428E-9F53-35C0ABE2FAAE}.Ad-Hoc|iPhoneSimulator.ActiveCfg = Ad-Hoc|iPhoneSimulator
		{0F63A0BC-6FB0-428E-9F53-35C0ABE2FAAE}.Ad-Hoc|iPhoneSimulator.Build.0 = Ad-Hoc|iPhoneSimulator
		{0F63A0BC-6FB0-428E-9F53-35C0ABE2FAAE}.AppStore|Any CPU.ActiveCfg = AppStore|iPhoneSimulator
		{0F63A0BC-6FB0-428E-9F53-35C0ABE2FAAE}.AppStore|iPhone.ActiveCfg = AppStore|iPhone
		{0F63A0BC-6FB0-428E-9F53-35C0ABE2FAAE}.AppStore|iPhone.Build.0 = AppStore|iPhone
		{0F63A0BC-6FB0-428E-9F53-35C0ABE2FAAE}.AppStore|iPhoneSimulator.ActiveCfg = AppStore|iPhoneSimulator
		{0F63A0BC-6FB0-428E-9F53-35C0ABE2FAAE}.AppStore|iPhoneSimulator.Build.0 = AppStore|iPhoneSimulator
		{0F63A0BC-6FB0-428E-9F53-35C0ABE2FAAE}.Debug|Any CPU.ActiveCfg = Debug|iPhoneSimulator
		{0F63A0BC-6FB0-428E-9F53-35C0ABE2FAAE}.Debug|Any CPU.Build.0 = Debug|iPhoneSimulator
		{0F63A0BC-6FB0-428E-9F53-35C0ABE2FAAE}.Debug|iPhone.ActiveCfg = Debug|iPhone
		{0F63A0BC-6FB0-428E-9F53-35C0ABE2FAAE}.Debug|iPhone.Build.0 = Debug|iPhone
		{0F63A0BC-6FB0-428E-9F53-35C0ABE2FAAE}.Debug|iPhoneSimulator.ActiveCfg = Debug|iPhoneSimulator
		{0F63A0BC-6FB0-428E-9F53-35C0ABE2FAAE}.Debug|iPhoneSimulator.Build.0 = Debug|iPhoneSimulator
		{0F63A0BC-6FB0-428E-9F53-35C0ABE2FAAE}.Release|Any CPU.ActiveCfg = Release|iPhoneSimulator
		{0F63A0BC-6FB0-428E-9F53-35C0ABE2FAAE}.Release|Any CPU.Build.0 = Release|iPhoneSimulator
		{0F63A0BC-6FB0-428E-9F53-35C0ABE2FAAE}.Release|iPhone.ActiveCfg = Release|iPhone
		{0F63A0BC-6FB0-428E-9F53-35C0ABE2FAAE}.Release|iPhone.Build.0 = Release|iPhone
		{0F63A0BC-6FB0-428E-9F53-35C0ABE2FAAE}.Release|iPhoneSimulator.ActiveCfg = Release|iPhoneSimulator
		{0F63A0BC-6FB0-428E-9F53-35C0ABE2FAAE}.Release|iPhoneSimulator.Build.0 = Release|iPhoneSimulator
	EndGlobalSection
	GlobalSection(SolutionProperties) = preSolution
		HideSolutionNode = FALSE
	EndGlobalSection
	GlobalSection(ExtensibilityGlobals) = postSolution
		SolutionGuid = {314DF271-BDC8-45D6-AE6E-8DE69DE6A685}
	EndGlobalSection
EndGlobal
